{
  "requires": true,
  "lockfileVersion": 1,
  "dependencies": {
    "material-design-inspired-color-picker": {
      "version": "1.7.2",
      "resolved": "https://registry.npmjs.org/material-design-inspired-color-picker/-/material-design-inspired-color-picker-1.7.2.tgz",
      "integrity": "sha512-9hYw/OjX9eb78KoY35Z76cLanMYc98Zq5MX+aIm/wHVtZ7SVCm3YtL6T+gNFq7y6LaY0k5RpS/reZLwte3A3gg=="
    }
  }
}
